
Microsoft Visual Studio Solution File, Format Version 12.00
# Visual Studio Version 17
VisualStudioVersion = 17.0.32112.339
MinimumVisualStudioVersion = 10.0.40219.1
Project("{FAE04EC0-301F-11D3-BF4B-00C04F79EFBC}") = "Lab2.2", "Lab2.2\Lab2.2.csproj", "{551BAA94-64F6-4223-98D5-0152D0B4148D}"
EndProject
Global
	GlobalSection(SolutionConfigurationPlatforms) = preSolution
		Debug|Any CPU = Debug|Any CPU
		Release|Any CPU = Release|Any CPU
	EndGlobalSection
	GlobalSection(ProjectConfigurationPlatforms) = postSolution
		{551BAA94-64F6-4223-98D5-0152D0B4148D}.Debug|Any CPU.ActiveCfg = Debug|Any CPU
		{551BAA94-64F6-4223-98D5-0152D0B4148D}.Debug|Any CPU.Build.0 = Debug|Any CPU
		{551BAA94-64F6-4223-98D5-0152D0B4148D}.Release|Any CPU.ActiveCfg = Release|Any CPU
		{551BAA94-64F6-4223-98D5-0152D0B4148D}.Release|Any CPU.Build.0 = Release|Any CPU
	EndGlobalSection
	GlobalSection(SolutionProperties) = preSolution
		HideSolutionNode = FALSE
	EndGlobalSection
	GlobalSection(ExtensibilityGlobals) = postSolution
		SolutionGuid = {B6F95350-64D7-4000-8A15-E8FF1BF3667B}
	EndGlobalSection
EndGlobal
